<?xml version="1.0" encoding="utf-8"?>
<Project ToolsVersion="4.0" xmlns="http://schemas.microsoft.com/developer/msbuild/2003">
  <ItemGroup>
    <ClCompile Include="DebugPrivilegeGranter.cpp">
      <Filter>Source Files</Filter>
    </ClCompile>
    <ClCompile Include="Injector.cpp">
      <Filter>Source Files</Filter>
    </ClCompile>
    <ClCompile Include="Process.cpp">
      <Filter>Source Files</Filter>
    </ClCompile>
    <ClCompile Include="PogJector.cpp">
      <Filter>Source Files</Filter>
    </ClCompile>
  </ItemGroup>
  <ItemGroup>
    <ClInclude Include="DebugPrivilegeGranter.h">
      <Filter>Header Files</Filter>
    </ClInclude>
    <ClInclude Include="Injector.h">
      <Filter>Header Files</Filter>
    </ClInclude>
    <ClInclude Include="Process.h">
      <Filter>Header Files</Filter>
    </ClInclude>
    <ClInclude Include="Win32Handle.h">
      <Filter>Header Files</Filter>
    </ClInclude>
  </ItemGroup>
  <ItemGroup>
    <Filter Include="Header Files">
      <UniqueIdentifier>{14eda636-4312-42b5-a0e6-8205ac906c22}</UniqueIdentifier>
    </Filter>
    <Filter Include="Source Files">
      <UniqueIdentifier>{e6c2866d-8e92-43c6-b5c5-d7190d41e86f}</UniqueIdentifier>
    </Filter>
  </ItemGroup>
</Project>